
Microsoft Visual Studio Solution File, Format Version 12.00
# Visual Studio Version 16
VisualStudioVersion = 16.0.31410.357
MinimumVisualStudioVersion = 10.0.40219.1
Project("{FAE04EC0-301F-11D3-BF4B-00C04F79EFBC}") = "LearnClosedXML", "LearnClosedXML.csproj", "{4C67FCA4-F577-4A79-A0EF-D46B2394FB0F}"
EndProject
Global
	GlobalSection(SolutionConfigurationPlatforms) = preSolution
		Debug|Any CPU = Debug|Any CPU
		Release|Any CPU = Release|Any CPU
	EndGlobalSection
	GlobalSection(ProjectConfigurationPlatforms) = postSolution
		{4C67FCA4-F577-4A79-A0EF-D46B2394FB0F}.Debug|Any CPU.ActiveCfg = Debug|Any CPU
		{4C67FCA4-F577-4A79-A0EF-D46B2394FB0F}.Debug|Any CPU.Build.0 = Debug|Any CPU
		{4C67FCA4-F577-4A79-A0EF-D46B2394FB0F}.Release|Any CPU.ActiveCfg = Release|Any CPU
		{4C67FCA4-F577-4A79-A0EF-D46B2394FB0F}.Release|Any CPU.Build.0 = Release|Any CPU
	EndGlobalSection
	GlobalSection(SolutionProperties) = preSolution
		HideSolutionNode = FALSE
	EndGlobalSection
	GlobalSection(ExtensibilityGlobals) = postSolution
		SolutionGuid = {BCFD9C73-370F-45A3-B30A-143FBE88FF20}
	EndGlobalSection
EndGlobal
